// !$*UTF8*$!
{
	archiveVersion = 1;
	classes = {
	};
	objectVersion = 46;
	objects = {

/* Begin PBXBuildFile section */
		2DCA1ED61D141336007B0496 /* AppDelegate.swift in Sources */ = {isa = PBXBuildFile; fileRef = 2DCA1ED51D141336007B0496 /* AppDelegate.swift */; };
		2DCA1ED81D141336007B0496 /* ViewController.swift in Sources */ = {isa = PBXBuildFile; fileRef = 2DCA1ED71D141336007B0496 /* ViewController.swift */; };
		2DCA1EDA1D141336007B0496 /* Assets.xcassets in Resources */ = {isa = PBXBuildFile; fileRef = 2DCA1ED91D141336007B0496 /* Assets.xcassets */; };
		2DCA1EDD1D141336007B0496 /* Main.storyboard in Resources */ = {isa = PBXBuildFile; fileRef = 2DCA1EDB1D141336007B0496 /* Main.storyboard */; };
		2DCA1EEB1D14135B007B0496 /* Cocoa.framework in Frameworks */ = {isa = PBXBuildFile; fileRef = 2DCA1EEA1D14135B007B0496 /* Cocoa.framework */; };
		2DCA1EF01D14135B007B0496 /* SourceEditorExtension.swift in Sources */ = {isa = PBXBuildFile; fileRef = 2DCA1EEF1D14135B007B0496 /* SourceEditorExtension.swift */; };
		2DCA1EF21D14135B007B0496 /* SourceEditorCommand.swift in Sources */ = {isa = PBXBuildFile; fileRef = 2DCA1EF11D14135B007B0496 /* SourceEditorCommand.swift */; };
		2DCA1EF61D14135B007B0496 /* Search.appex in Embed App Extensions */ = {isa = PBXBuildFile; fileRef = 2DCA1EE81D14135B007B0496 /* Search.appex */; settings = {ATTRIBUTES = (RemoveHeadersOnCopy, ); }; };
/* End PBXBuildFile section */

/* Begin PBXContainerItemProxy section */
		2DCA1EF41D14135B007B0496 /* PBXContainerItemProxy */ = {
			isa = PBXContainerItemProxy;
			containerPortal = 2DCA1ECA1D141336007B0496 /* Project object */;
			proxyType = 1;
			remoteGlobalIDString = 2DCA1EE71D14135B007B0496;
			remoteInfo = Search;
		};
/* End PBXContainerItemProxy section */

/* Begin PBXCopyFilesBuildPhase section */
		2DCA1EFA1D14135B007B0496 /* Embed App Extensions */ = {
			isa = PBXCopyFilesBuildPhase;
			buildActionMask = 2147483647;
			dstPath = "";
			dstSubfolderSpec = 13;
			files = (
				2DCA1EF61D14135B007B0496 /* Search.appex in Embed App Extensions */,
			);
			name = "Embed App Extensions";
			runOnlyForDeploymentPostprocessing = 0;
		};
/* End PBXCopyFilesBuildPhase section */

/* Begin PBXFileReference section */
		2DCA1ED21D141336007B0496 /* Xcode-Search.app */ = {isa = PBXFileReference; explicitFileType = wrapper.application; includeInIndex = 0; path = "Xcode-Search.app"; sourceTree = BUILT_PRODUCTS_DIR; };
		2DCA1ED51D141336007B0496 /* AppDelegate.swift */ = {isa = PBXFileReference; lastKnownFileType = sourcecode.swift; path = AppDelegate.swift; sourceTree = "<group>"; };
		2DCA1ED71D141336007B0496 /* ViewController.swift */ = {isa = PBXFileReference; lastKnownFileType = sourcecode.swift; path = ViewController.swift; sourceTree = "<group>"; };
		2DCA1ED91D141336007B0496 /* Assets.xcassets */ = {isa = PBXFileReference; lastKnownFileType = folder.assetcatalog; path = Assets.xcassets; sourceTree = "<group>"; };
		2DCA1EDC1D141336007B0496 /* Base */ = {isa = PBXFileReference; lastKnownFileType = file.storyboard; name = Base; path = Base.lproj/Main.storyboard; sourceTree = "<group>"; };
		2DCA1EDE1D141336007B0496 /* Info.plist */ = {isa = PBXFileReference; lastKnownFileType = text.plist.xml; path = Info.plist; sourceTree = "<group>"; };
		2DCA1EE81D14135B007B0496 /* Search.appex */ = {isa = PBXFileReference; explicitFileType = "wrapper.app-extension"; includeInIndex = 0; path = Search.appex; sourceTree = BUILT_PRODUCTS_DIR; };
		2DCA1EEA1D14135B007B0496 /* Cocoa.framework */ = {isa = PBXFileReference; lastKnownFileType = wrapper.framework; name = Cocoa.framework; path = System/Library/Frameworks/Cocoa.framework; sourceTree = SDKROOT; };
		2DCA1EEE1D14135B007B0496 /* Search.entitlements */ = {isa = PBXFileReference; lastKnownFileType = text.xml; path = Search.entitlements; sourceTree = "<group>"; };
		2DCA1EEF1D14135B007B0496 /* SourceEditorExtension.swift */ = {isa = PBXFileReference; lastKnownFileType = sourcecode.swift; path = SourceEditorExtension.swift; sourceTree = "<group>"; };
		2DCA1EF11D14135B007B0496 /* SourceEditorCommand.swift */ = {isa = PBXFileReference; lastKnownFileType = sourcecode.swift; path = SourceEditorCommand.swift; sourceTree = "<group>"; };
		2DCA1EF31D14135B007B0496 /* Info.plist */ = {isa = PBXFileReference; lastKnownFileType = text.plist.xml; path = Info.plist; sourceTree = "<group>"; };
/* End PBXFileReference section */

/* Begin PBXFrameworksBuildPhase section */
		2DCA1ECF1D141336007B0496 /* Frameworks */ = {
			isa = PBXFrameworksBuildPhase;
			buildActionMask = 2147483647;
			files = (
			);
			runOnlyForDeploymentPostprocessing = 0;
		};
		2DCA1EE51D14135B007B0496 /* Frameworks */ = {
			isa = PBXFrameworksBuildPhase;
			buildActionMask = 2147483647;
			files = (
				2DCA1EEB1D14135B007B0496 /* Cocoa.framework in Frameworks */,
			);
			runOnlyForDeploymentPostprocessing = 0;
		};
/* End PBXFrameworksBuildPhase section */

/* Begin PBXGroup section */
		2DCA1EC91D141336007B0496 = {
			isa = PBXGroup;
			children = (
				2DCA1ED41D141336007B0496 /* Xcode-Search */,
				2DCA1EEC1D14135B007B0496 /* Search */,
				2DCA1EE91D14135B007B0496 /* Frameworks */,
				2DCA1ED31D141336007B0496 /* Products */,
			);
			sourceTree = "<group>";
		};
		2DCA1ED31D141336007B0496 /* Products */ = {
			isa = PBXGroup;
			children = (
				2DCA1ED21D141336007B0496 /* Xcode-Search.app */,
				2DCA1EE81D14135B007B0496 /* Search.appex */,
			);
			name = Products;
			sourceTree = "<group>";
		};
		2DCA1ED41D141336007B0496 /* Xcode-Search */ = {
			isa = PBXGroup;
			children = (
				2DCA1ED51D141336007B0496 /* AppDelegate.swift */,
				2DCA1ED71D141336007B0496 /* ViewController.swift */,
				2DCA1ED91D141336007B0496 /* Assets.xcassets */,
				2DCA1EDB1D141336007B0496 /* Main.storyboard */,
				2DCA1EDE1D141336007B0496 /* Info.plist */,
			);
			path = "Xcode-Search";
			sourceTree = "<group>";
		};
		2DCA1EE91D14135B007B0496 /* Frameworks */ = {
			isa = PBXGroup;
			children = (
				2DCA1EEA1D14135B007B0496 /* Cocoa.framework */,
			);
			name = Frameworks;
			sourceTree = "<group>";
		};
		2DCA1EEC1D14135B007B0496 /* Search */ = {
			isa = PBXGroup;
			children = (
				2DCA1EEF1D14135B007B0496 /* SourceEditorExtension.swift */,
				2DCA1EF11D14135B007B0496 /* SourceEditorCommand.swift */,
				2DCA1EF31D14135B007B0496 /* Info.plist */,
				2DCA1EED1D14135B007B0496 /* Supporting Files */,
			);
			path = Search;
			sourceTree = "<group>";
		};
		2DCA1EED1D14135B007B0496 /* Supporting Files */ = {
			isa = PBXGroup;
			children = (
				2DCA1EEE1D14135B007B0496 /* Search.entitlements */,
			);
			name = "Supporting Files";
			sourceTree = "<group>";
		};
/* End PBXGroup section */

/* Begin PBXNativeTarget section */
		2DCA1ED11D141336007B0496 /* Xcode-Search */ = {
			isa = PBXNativeTarget;
			buildConfigurationList = 2DCA1EE11D141336007B0496 /* Build configuration list for PBXNativeTarget "Xcode-Search" */;
			buildPhases = (
				2DCA1ECE1D141336007B0496 /* Sources */,
				2DCA1ECF1D141336007B0496 /* Frameworks */,
				2DCA1ED01D141336007B0496 /* Resources */,
				2DCA1EFA1D14135B007B0496 /* Embed App Extensions */,
			);
			buildRules = (
			);
			dependencies = (
				2DCA1EF51D14135B007B0496 /* PBXTargetDependency */,
			);
			name = "Xcode-Search";
			productName = "Xcode-Search";
			productReference = 2DCA1ED21D141336007B0496 /* Xcode-Search.app */;
			productType = "com.apple.product-type.application";
		};
		2DCA1EE71D14135B007B0496 /* Search */ = {
			isa = PBXNativeTarget;
			buildConfigurationList = 2DCA1EF71D14135B007B0496 /* Build configuration list for PBXNativeTarget "Search" */;
			buildPhases = (
				2DCA1EE41D14135B007B0496 /* Sources */,
				2DCA1EE51D14135B007B0496 /* Frameworks */,
				2DCA1EE61D14135B007B0496 /* Resources */,
			);
			buildRules = (
			);
			dependencies = (
			);
			name = Search;
			productName = Search;
			productReference = 2DCA1EE81D14135B007B0496 /* Search.appex */;
			productType = "com.apple.product-type.xcode-extension";
		};
/* End PBXNativeTarget section */

/* Begin PBXProject section */
		2DCA1ECA1D141336007B0496 /* Project object */ = {
			isa = PBXProject;
			attributes = {
				LastSwiftUpdateCheck = 0800;
				LastUpgradeCheck = 0800;
				ORGANIZATIONNAME = skyline;
				TargetAttributes = {
					2DCA1ED11D141336007B0496 = {
						CreatedOnToolsVersion = 8.0;
						DevelopmentTeam = E4UPC35Z5N;
						DevelopmentTeamName = "佳亮 刘 (Personal Team)";
						ProvisioningStyle = Automatic;
					};
					2DCA1EE71D14135B007B0496 = {
						CreatedOnToolsVersion = 8.0;
						DevelopmentTeam = E4UPC35Z5N;
						DevelopmentTeamName = "佳亮 刘 (Personal Team)";
						ProvisioningStyle = Automatic;
					};
				};
			};
			buildConfigurationList = 2DCA1ECD1D141336007B0496 /* Build configuration list for PBXProject "Xcode-Search" */;
			compatibilityVersion = "Xcode 3.2";
			developmentRegion = English;
			hasScannedForEncodings = 0;
			knownRegions = (
				en,
				Base,
			);
			mainGroup = 2DCA1EC91D141336007B0496;
			productRefGroup = 2DCA1ED31D141336007B0496 /* Products */;
			projectDirPath = "";
			projectRoot = "";
			targets = (
				2DCA1ED11D141336007B0496 /* Xcode-Search */,
				2DCA1EE71D14135B007B0496 /* Search */,
			);
		};
/* End PBXProject section */

/* Begin PBXResourcesBuildPhase section */
		2DCA1ED01D141336007B0496 /* Resources */ = {
			isa = PBXResourcesBuildPhase;
			buildActionMask = 2147483647;
			files = (
				2DCA1EDA1D141336007B0496 /* Assets.xcassets in Resources */,
				2DCA1EDD1D141336007B0496 /* Main.storyboard in Resources */,
			);
			runOnlyForDeploymentPostprocessing = 0;
		};
		2DCA1EE61D14135B007B0496 /* Resources */ = {
			isa = PBXResourcesBuildPhase;
			buildActionMask = 2147483647;
			files = (
			);
			runOnlyForDeploymentPostprocessing = 0;
		};
/* End PBXResourcesBuildPhase section */

/* Begin PBXSourcesBuildPhase section */
		2DCA1ECE1D141336007B0496 /* Sources */ = {
			isa = PBXSourcesBuildPhase;
			buildActionMask = 2147483647;
			files = (
				2DCA1ED81D141336007B0496 /* ViewController.swift in Sources */,
				2DCA1ED61D141336007B0496 /* AppDelegate.swift in Sources */,
			);
			runOnlyForDeploymentPostprocessing = 0;
		};
		2DCA1EE41D14135B007B0496 /* Sources */ = {
			isa = PBXSourcesBuildPhase;
			buildActionMask = 2147483647;
			files = (
				2DCA1EF01D14135B007B0496 /* SourceEditorExtension.swift in Sources */,
				2DCA1EF21D14135B007B0496 /* SourceEditorCommand.swift in Sources */,
			);
			runOnlyForDeploymentPostprocessing = 0;
		};
/* End PBXSourcesBuildPhase section */

/* Begin PBXTargetDependency section */
		2DCA1EF51D14135B007B0496 /* PBXTargetDependency */ = {
			isa = PBXTargetDependency;
			target = 2DCA1EE71D14135B007B0496 /* Search */;
			targetProxy = 2DCA1EF41D14135B007B0496 /* PBXContainerItemProxy */;
		};
/* End PBXTargetDependency section */

/* Begin PBXVariantGroup section */
		2DCA1EDB1D141336007B0496 /* Main.storyboard */ = {
			isa = PBXVariantGroup;
			children = (
				2DCA1EDC1D141336007B0496 /* Base */,
			);
			name = Main.storyboard;
			sourceTree = "<group>";
		};
/* End PBXVariantGroup section */

/* Begin XCBuildConfiguration section */
		2DCA1EDF1D141336007B0496 /* Debug */ = {
			isa = XCBuildConfiguration;
			buildSettings = {
				ALWAYS_SEARCH_USER_PATHS = NO;
				CLANG_ANALYZER_NONNULL = YES;
				CLANG_CXX_LANGUAGE_STANDARD = "gnu++0x";
				CLANG_CXX_LIBRARY = "libc++";
				CLANG_ENABLE_MODULES = YES;
				CLANG_ENABLE_OBJC_ARC = YES;
				CLANG_WARN_BOOL_CONVERSION = YES;
				CLANG_WARN_CONSTANT_CONVERSION = YES;
				CLANG_WARN_DIRECT_OBJC_ISA_USAGE = YES_ERROR;
				CLANG_WARN_DOCUMENTATION_COMMENTS = YES;
				CLANG_WARN_EMPTY_BODY = YES;
				CLANG_WARN_ENUM_CONVERSION = YES;
				CLANG_WARN_INT_CONVERSION = YES;
				CLANG_WARN_OBJC_ROOT_CLASS = YES_ERROR;
				CLANG_WARN_UNREACHABLE_CODE = YES;
				CLANG_WARN__DUPLICATE_METHOD_MATCH = YES;
				CODE_SIGN_IDENTITY = "-";
				COPY_PHASE_STRIP = NO;
				DEBUG_INFORMATION_FORMAT = dwarf;
				ENABLE_STRICT_OBJC_MSGSEND = YES;
				ENABLE_TESTABILITY = YES;
				GCC_C_LANGUAGE_STANDARD = gnu99;
				GCC_DYNAMIC_NO_PIC = NO;
				GCC_NO_COMMON_BLOCKS = YES;
				GCC_OPTIMIZATION_LEVEL = 0;
				GCC_PREPROCESSOR_DEFINITIONS = (
					"DEBUG=1",
					"$(inherited)",
				);
				GCC_WARN_64_TO_32_BIT_CONVERSION = YES;
				GCC_WARN_ABOUT_RETURN_TYPE = YES_ERROR;
				GCC_WARN_UNDECLARED_SELECTOR = YES;
				GCC_WARN_UNINITIALIZED_AUTOS = YES_AGGRESSIVE;
				GCC_WARN_UNUSED_FUNCTION = YES;
				GCC_WARN_UNUSED_VARIABLE = YES;
				MACOSX_DEPLOYMENT_TARGET = 10.11;
				MTL_ENABLE_DEBUG_INFO = YES;
				ONLY_ACTIVE_ARCH = YES;
				SDKROOT = macosx;
				SWIFT_ACTIVE_COMPILATION_CONDITIONS = DEBUG;
				SWIFT_OPTIMIZATION_LEVEL = "-Onone";
			};
			name = Debug;
		};
		2DCA1EE01D141336007B0496 /* Release */ = {
			isa = XCBuildConfiguration;
			buildSettings = {
				ALWAYS_SEARCH_USER_PATHS = NO;
				CLANG_ANALYZER_NONNULL = YES;
				CLANG_CXX_LANGUAGE_STANDARD = "gnu++0x";
				CLANG_CXX_LIBRARY = "libc++";
				CLANG_ENABLE_MODULES = YES;
				CLANG_ENABLE_OBJC_ARC = YES;
				CLANG_WARN_BOOL_CONVERSION = YES;
				CLANG_WARN_CONSTANT_CONVERSION = YES;
				CLANG_WARN_DIRECT_OBJC_ISA_USAGE = YES_ERROR;
				CLANG_WARN_DOCUMENTATION_COMMENTS = YES;
				CLANG_WARN_EMPTY_BODY = YES;
				CLANG_WARN_ENUM_CONVERSION = YES;
				CLANG_WARN_INT_CONVERSION = YES;
				CLANG_WARN_OBJC_ROOT_CLASS = YES_ERROR;
				CLANG_WARN_UNREACHABLE_CODE = YES;
				CLANG_WARN__DUPLICATE_METHOD_MATCH = YES;
				CODE_SIGN_IDENTITY = "-";
				COPY_PHASE_STRIP = NO;
				DEBUG_INFORMATION_FORMAT = "dwarf-with-dsym";
				ENABLE_NS_ASSERTIONS = NO;
				ENABLE_STRICT_OBJC_MSGSEND = YES;
				GCC_C_LANGUAGE_STANDARD = gnu99;
				GCC_NO_COMMON_BLOCKS = YES;
				GCC_WARN_64_TO_32_BIT_CONVERSION = YES;
				GCC_WARN_ABOUT_RETURN_TYPE = YES_ERROR;
				GCC_WARN_UNDECLARED_SELECTOR = YES;
				GCC_WARN_UNINITIALIZED_AUTOS = YES_AGGRESSIVE;
				GCC_WARN_UNUSED_FUNCTION = YES;
				GCC_WARN_UNUSED_VARIABLE = YES;
				MACOSX_DEPLOYMENT_TARGET = 10.11;
				MTL_ENABLE_DEBUG_INFO = NO;
				SDKROOT = macosx;
				SWIFT_OPTIMIZATION_LEVEL = "-Owholemodule";
			};
			name = Release;
		};
		2DCA1EE21D141336007B0496 /* Debug */ = {
			isa = XCBuildConfiguration;
			buildSettings = {
				ALWAYS_EMBED_SWIFT_STANDARD_LIBRARIES = YES;
				ASSETCATALOG_COMPILER_APPICON_NAME = AppIcon;
				COMBINE_HIDPI_IMAGES = YES;
				INFOPLIST_FILE = "Xcode-Search/Info.plist";
				LD_RUNPATH_SEARCH_PATHS = "$(inherited) @executable_path/../Frameworks";
				PRODUCT_BUNDLE_IDENTIFIER = "com.byskyline.Xcode-Search";
				PRODUCT_NAME = "$(TARGET_NAME)";
				SWIFT_VERSION = 3.0;
			};
			name = Debug;
		};
		2DCA1EE31D141336007B0496 /* Release */ = {
			isa = XCBuildConfiguration;
			buildSettings = {
				ALWAYS_EMBED_SWIFT_STANDARD_LIBRARIES = YES;
				ASSETCATALOG_COMPILER_APPICON_NAME = AppIcon;
				COMBINE_HIDPI_IMAGES = YES;
				INFOPLIST_FILE = "Xcode-Search/Info.plist";
				LD_RUNPATH_SEARCH_PATHS = "$(inherited) @executable_path/../Frameworks";
				PRODUCT_BUNDLE_IDENTIFIER = "com.byskyline.Xcode-Search";
				PRODUCT_NAME = "$(TARGET_NAME)";
				SWIFT_VERSION = 3.0;
			};
			name = Release;
		};
		2DCA1EF81D14135B007B0496 /* Debug */ = {
			isa = XCBuildConfiguration;
			buildSettings = {
				CODE_SIGN_ENTITLEMENTS = Search/Search.entitlements;
				COMBINE_HIDPI_IMAGES = YES;
				INFOPLIST_FILE = Search/Info.plist;
				LD_RUNPATH_SEARCH_PATHS = "$(inherited) @executable_path/../Frameworks @executable_path/../../../../Frameworks";
				MACOSX_DEPLOYMENT_TARGET = 10.11;
				PRODUCT_BUNDLE_IDENTIFIER = "com.byskyline.Xcode-Search.Search";
				PRODUCT_NAME = "$(TARGET_NAME)";
				SKIP_INSTALL = YES;
				SWIFT_VERSION = 3.0;
			};
			name = Debug;
		};
		2DCA1EF91D14135B007B0496 /* Release */ = {
			isa = XCBuildConfiguration;
			buildSettings = {
				CODE_SIGN_ENTITLEMENTS = Search/Search.entitlements;
				COMBINE_HIDPI_IMAGES = YES;
				INFOPLIST_FILE = Search/Info.plist;
				LD_RUNPATH_SEARCH_PATHS = "$(inherited) @executable_path/../Frameworks @executable_path/../../../../Frameworks";
				MACOSX_DEPLOYMENT_TARGET = 10.11;
				PRODUCT_BUNDLE_IDENTIFIER = "com.byskyline.Xcode-Search.Search";
				PRODUCT_NAME = "$(TARGET_NAME)";
				SKIP_INSTALL = YES;
				SWIFT_VERSION = 3.0;
			};
			name = Release;
		};
/* End XCBuildConfiguration section */

/* Begin XCConfigurationList section */
		2DCA1ECD1D141336007B0496 /* Build configuration list for PBXProject "Xcode-Search" */ = {
			isa = XCConfigurationList;
			buildConfigurations = (
				2DCA1EDF1D141336007B0496 /* Debug */,
				2DCA1EE01D141336007B0496 /* Release */,
			);
			defaultConfigurationIsVisible = 0;
			defaultConfigurationName = Release;
		};
		2DCA1EE11D141336007B0496 /* Build configuration list for PBXNativeTarget "Xcode-Search" */ = {
			isa = XCConfigurationList;
			buildConfigurations = (
				2DCA1EE21D141336007B0496 /* Debug */,
				2DCA1EE31D141336007B0496 /* Release */,
			);
			defaultConfigurationIsVisible = 0;
		};
		2DCA1EF71D14135B007B0496 /* Build configuration list for PBXNativeTarget "Search" */ = {
			isa = XCConfigurationList;
			buildConfigurations = (
				2DCA1EF81D14135B007B0496 /* Debug */,
				2DCA1EF91D14135B007B0496 /* Release */,
			);
			defaultConfigurationIsVisible = 0;
		};
/* End XCConfigurationList section */
	};
	rootObject = 2DCA1ECA1D141336007B0496 /* Project object */;
}
